
Microsoft Visual Studio Solution File, Format Version 12.00
# Visual Studio Version 16
VisualStudioVersion = 16.0.30225.117
MinimumVisualStudioVersion = 10.0.40219.1
Project("{FAE04EC0-301F-11D3-BF4B-00C04F79EFBC}") = "RestWithAspNetUdemy", "RestWithAspNetUdemy.csproj", "{C46982FE-8950-47C8-A3D8-4E8D57C40080}"
EndProject
Global
	GlobalSection(SolutionConfigurationPlatforms) = preSolution
		Debug|Any CPU = Debug|Any CPU
		Release|Any CPU = Release|Any CPU
	EndGlobalSection
	GlobalSection(ProjectConfigurationPlatforms) = postSolution
		{C46982FE-8950-47C8-A3D8-4E8D57C40080}.Debug|Any CPU.ActiveCfg = Debug|Any CPU
		{C46982FE-8950-47C8-A3D8-4E8D57C40080}.Debug|Any CPU.Build.0 = Debug|Any CPU
		{C46982FE-8950-47C8-A3D8-4E8D57C40080}.Release|Any CPU.ActiveCfg = Release|Any CPU
		{C46982FE-8950-47C8-A3D8-4E8D57C40080}.Release|Any CPU.Build.0 = Release|Any CPU
	EndGlobalSection
	GlobalSection(SolutionProperties) = preSolution
		HideSolutionNode = FALSE
	EndGlobalSection
	GlobalSection(ExtensibilityGlobals) = postSolution
		SolutionGuid = {9E2AB21B-9BC5-44EA-B78D-222C80ABADE5}
	EndGlobalSection
EndGlobal
